
Microsoft Visual Studio Solution File, Format Version 12.00
# Visual Studio Version 16
VisualStudioVersion = 16.0.30709.132
MinimumVisualStudioVersion = 10.0.40219.1
Project("{FAE04EC0-301F-11D3-BF4B-00C04F79EFBC}") = "Movie_API", "Movie_API\Movie_API.csproj", "{B451C860-84BA-4122-875B-31C48B76E154}"
EndProject
Global
	GlobalSection(SolutionConfigurationPlatforms) = preSolution
		Debug|Any CPU = Debug|Any CPU
		Release|Any CPU = Release|Any CPU
	EndGlobalSection
	GlobalSection(ProjectConfigurationPlatforms) = postSolution
		{B451C860-84BA-4122-875B-31C48B76E154}.Debug|Any CPU.ActiveCfg = Debug|Any CPU
		{B451C860-84BA-4122-875B-31C48B76E154}.Debug|Any CPU.Build.0 = Debug|Any CPU
		{B451C860-84BA-4122-875B-31C48B76E154}.Release|Any CPU.ActiveCfg = Release|Any CPU
		{B451C860-84BA-4122-875B-31C48B76E154}.Release|Any CPU.Build.0 = Release|Any CPU
	EndGlobalSection
	GlobalSection(SolutionProperties) = preSolution
		HideSolutionNode = FALSE
	EndGlobalSection
	GlobalSection(ExtensibilityGlobals) = postSolution
		SolutionGuid = {9969AA3A-A9E3-473B-A042-19B2DC48B0CE}
	EndGlobalSection
EndGlobal
